
Microsoft Visual Studio Solution File, Format Version 12.00
# Visual Studio Version 17
VisualStudioVersion = 17.10.34928.147
MinimumVisualStudioVersion = 10.0.40219.1
Project("{FAE04EC0-301F-11D3-BF4B-00C04F79EFBC}") = "Demo.TcpServer1", "Demo.TcpServer1\Demo.TcpServer1.csproj", "{C7E3632F-8758-4EBC-A78B-71841CD872BB}"
EndProject
Global
	GlobalSection(SolutionConfigurationPlatforms) = preSolution
		Debug|Any CPU = Debug|Any CPU
		Release|Any CPU = Release|Any CPU
	EndGlobalSection
	GlobalSection(ProjectConfigurationPlatforms) = postSolution
		{C7E3632F-8758-4EBC-A78B-71841CD872BB}.Debug|Any CPU.ActiveCfg = Debug|Any CPU
		{C7E3632F-8758-4EBC-A78B-71841CD872BB}.Debug|Any CPU.Build.0 = Debug|Any CPU
		{C7E3632F-8758-4EBC-A78B-71841CD872BB}.Release|Any CPU.ActiveCfg = Release|Any CPU
		{C7E3632F-8758-4EBC-A78B-71841CD872BB}.Release|Any CPU.Build.0 = Release|Any CPU
	EndGlobalSection
	GlobalSection(SolutionProperties) = preSolution
		HideSolutionNode = FALSE
	EndGlobalSection
	GlobalSection(ExtensibilityGlobals) = postSolution
		SolutionGuid = {3E800391-5624-4556-A30E-DB97ED454362}
	EndGlobalSection
EndGlobal
